
Microsoft Visual Studio Solution File, Format Version 12.00
# Visual Studio Version 18
VisualStudioVersion = 18.4.11612.150
MinimumVisualStudioVersion = 10.0.40219.1
Project("{FAE04EC0-301F-11D3-BF4B-00C04F79EFBC}") = "DropletScreenmate", "DropletScreenmate\DropletScreenmate.csproj", "{C6D10666-4D0A-4C03-A10B-D84AA333C486}"
EndProject
Global
	GlobalSection(SolutionConfigurationPlatforms) = preSolution
		Debug|Any CPU = Debug|Any CPU
		Release|Any CPU = Release|Any CPU
	EndGlobalSection
	GlobalSection(ProjectConfigurationPlatforms) = postSolution
		{C6D10666-4D0A-4C03-A10B-D84AA333C486}.Debug|Any CPU.ActiveCfg = Debug|Any CPU
		{C6D10666-4D0A-4C03-A10B-D84AA333C486}.Debug|Any CPU.Build.0 = Debug|Any CPU
		{C6D10666-4D0A-4C03-A10B-D84AA333C486}.Release|Any CPU.ActiveCfg = Release|Any CPU
		{C6D10666-4D0A-4C03-A10B-D84AA333C486}.Release|Any CPU.Build.0 = Release|Any CPU
	EndGlobalSection
	GlobalSection(SolutionProperties) = preSolution
		HideSolutionNode = FALSE
	EndGlobalSection
	GlobalSection(ExtensibilityGlobals) = postSolution
		SolutionGuid = {2DD7417E-A849-4B40-A769-1E4980B6DC03}
	EndGlobalSection
EndGlobal
